
Microsoft Visual Studio Solution File, Format Version 12.00
# Visual Studio 15
VisualStudioVersion = 15.0.27130.2027
MinimumVisualStudioVersion = 10.0.40219.1
Project("{FAE04EC0-301F-11D3-BF4B-00C04F79EFBC}") = "OntologyTests", "OntologyTests\OntologyTests.csproj", "{A8CEB3BF-9042-48D8-8DEE-EBC960A07E08}"
EndProject
Project("{FAE04EC0-301F-11D3-BF4B-00C04F79EFBC}") = "CodeGeneration", "CodeGeneration\CodeGeneration.csproj", "{91F8DB46-28AA-41E6-BB23-BECAB51FAA8D}"
EndProject
Project("{2150E333-8FDC-42A3-9474-1A3956D46DE8}") = "Solution Items", "Solution Items", "{626C32C4-556A-431A-919A-A785BAD0A531}"
	ProjectSection(SolutionItems) = preProject
		.gitignore = .gitignore
		LICENSE = LICENSE
		Ontology.ttl = Ontology.ttl
		README.md = README.md
		RepositoryReset.ps1 = RepositoryReset.ps1
		Website-labels-and-descriptions.ttl = Website-labels-and-descriptions.ttl
	EndProjectSection
EndProject
Global
	GlobalSection(SolutionConfigurationPlatforms) = preSolution
		Debug|Any CPU = Debug|Any CPU
		Release|Any CPU = Release|Any CPU
	EndGlobalSection
	GlobalSection(ProjectConfigurationPlatforms) = postSolution
		{A8CEB3BF-9042-48D8-8DEE-EBC960A07E08}.Debug|Any CPU.ActiveCfg = Debug|Any CPU
		{A8CEB3BF-9042-48D8-8DEE-EBC960A07E08}.Debug|Any CPU.Build.0 = Debug|Any CPU
		{A8CEB3BF-9042-48D8-8DEE-EBC960A07E08}.Release|Any CPU.ActiveCfg = Release|Any CPU
		{A8CEB3BF-9042-48D8-8DEE-EBC960A07E08}.Release|Any CPU.Build.0 = Release|Any CPU
		{91F8DB46-28AA-41E6-BB23-BECAB51FAA8D}.Debug|Any CPU.ActiveCfg = Debug|Any CPU
		{91F8DB46-28AA-41E6-BB23-BECAB51FAA8D}.Debug|Any CPU.Build.0 = Debug|Any CPU
		{91F8DB46-28AA-41E6-BB23-BECAB51FAA8D}.Release|Any CPU.ActiveCfg = Release|Any CPU
		{91F8DB46-28AA-41E6-BB23-BECAB51FAA8D}.Release|Any CPU.Build.0 = Release|Any CPU
	EndGlobalSection
	GlobalSection(SolutionProperties) = preSolution
		HideSolutionNode = FALSE
	EndGlobalSection
	GlobalSection(ExtensibilityGlobals) = postSolution
		SolutionGuid = {8F3219A4-5F31-4792-B2F5-41BFBD3B591A}
	EndGlobalSection
EndGlobal
